
Microsoft Visual Studio Solution File, Format Version 12.00
# Visual Studio Version 17
VisualStudioVersion = 17.9.34607.119
MinimumVisualStudioVersion = 10.0.40219.1
Project("{FAE04EC0-301F-11D3-BF4B-00C04F79EFBC}") = "WinFormsApp1", "WinFormsApp1\WinFormsApp1.csproj", "{77CDC0C9-8E06-4E46-B0C2-068124C5406B}"
EndProject
Global
	GlobalSection(SolutionConfigurationPlatforms) = preSolution
		Debug|Any CPU = Debug|Any CPU
		Release|Any CPU = Release|Any CPU
	EndGlobalSection
	GlobalSection(ProjectConfigurationPlatforms) = postSolution
		{77CDC0C9-8E06-4E46-B0C2-068124C5406B}.Debug|Any CPU.ActiveCfg = Debug|Any CPU
		{77CDC0C9-8E06-4E46-B0C2-068124C5406B}.Debug|Any CPU.Build.0 = Debug|Any CPU
		{77CDC0C9-8E06-4E46-B0C2-068124C5406B}.Release|Any CPU.ActiveCfg = Release|Any CPU
		{77CDC0C9-8E06-4E46-B0C2-068124C5406B}.Release|Any CPU.Build.0 = Release|Any CPU
	EndGlobalSection
	GlobalSection(SolutionProperties) = preSolution
		HideSolutionNode = FALSE
	EndGlobalSection
	GlobalSection(ExtensibilityGlobals) = postSolution
		SolutionGuid = {E266790E-B860-4D4C-BDCE-7CEC0211174A}
	EndGlobalSection
EndGlobal
